
Microsoft Visual Studio Solution File, Format Version 12.00
# Visual Studio Version 17
VisualStudioVersion = 17.12.35527.113
MinimumVisualStudioVersion = 10.0.40219.1
Project("{FAE04EC0-301F-11D3-BF4B-00C04F79EFBC}") = "WebApplication2", "WebApplication2\WebApplication2.csproj", "{B34FF3D6-A26E-4BC2-9C84-D2621D8F280D}"
EndProject
Global
	GlobalSection(SolutionConfigurationPlatforms) = preSolution
		Debug|Any CPU = Debug|Any CPU
		Release|Any CPU = Release|Any CPU
	EndGlobalSection
	GlobalSection(ProjectConfigurationPlatforms) = postSolution
		{B34FF3D6-A26E-4BC2-9C84-D2621D8F280D}.Debug|Any CPU.ActiveCfg = Debug|Any CPU
		{B34FF3D6-A26E-4BC2-9C84-D2621D8F280D}.Debug|Any CPU.Build.0 = Debug|Any CPU
		{B34FF3D6-A26E-4BC2-9C84-D2621D8F280D}.Release|Any CPU.ActiveCfg = Release|Any CPU
		{B34FF3D6-A26E-4BC2-9C84-D2621D8F280D}.Release|Any CPU.Build.0 = Release|Any CPU
	EndGlobalSection
	GlobalSection(SolutionProperties) = preSolution
		HideSolutionNode = FALSE
	EndGlobalSection
EndGlobal
